
Microsoft Visual Studio Solution File, Format Version 12.00
# Visual Studio 2015
Project("{FAE04EC0-301F-11D3-BF4B-00C04F79EFBC}") = "_wizard-game-rebuild.Plugins", "_wizard-game-rebuild.Plugins.csproj", "{9264F66C-F9A6-CB02-F299-64D9EA908569}"
EndProject
Project("{FAE04EC0-301F-11D3-BF4B-00C04F79EFBC}") = "_wizard-game-rebuild", "_wizard-game-rebuild.csproj", "{AC313823-2F47-6278-665B-BA3E8D7D73FD}"
EndProject
Project("{FAE04EC0-301F-11D3-BF4B-00C04F79EFBC}") = "_wizard-game-rebuild.Editor", "_wizard-game-rebuild.Editor.csproj", "{D60CC0C5-A28D-54E5-666E-45A36568B921}"
EndProject
Global
	GlobalSection(SolutionConfigurationPlatforms) = preSolution
		Debug|Any CPU = Debug|Any CPU
		Release|Any CPU = Release|Any CPU
	EndGlobalSection
	GlobalSection(ProjectConfigurationPlatforms) = postSolution
		{9264F66C-F9A6-CB02-F299-64D9EA908569}.Debug|Any CPU.ActiveCfg = Debug|Any CPU
		{9264F66C-F9A6-CB02-F299-64D9EA908569}.Debug|Any CPU.Build.0 = Debug|Any CPU
		{9264F66C-F9A6-CB02-F299-64D9EA908569}.Release|Any CPU.ActiveCfg = Release|Any CPU
		{9264F66C-F9A6-CB02-F299-64D9EA908569}.Release|Any CPU.Build.0 = Release|Any CPU
		{AC313823-2F47-6278-665B-BA3E8D7D73FD}.Debug|Any CPU.ActiveCfg = Debug|Any CPU
		{AC313823-2F47-6278-665B-BA3E8D7D73FD}.Debug|Any CPU.Build.0 = Debug|Any CPU
		{AC313823-2F47-6278-665B-BA3E8D7D73FD}.Release|Any CPU.ActiveCfg = Release|Any CPU
		{AC313823-2F47-6278-665B-BA3E8D7D73FD}.Release|Any CPU.Build.0 = Release|Any CPU
		{D60CC0C5-A28D-54E5-666E-45A36568B921}.Debug|Any CPU.ActiveCfg = Debug|Any CPU
		{D60CC0C5-A28D-54E5-666E-45A36568B921}.Debug|Any CPU.Build.0 = Debug|Any CPU
		{D60CC0C5-A28D-54E5-666E-45A36568B921}.Release|Any CPU.ActiveCfg = Release|Any CPU
		{D60CC0C5-A28D-54E5-666E-45A36568B921}.Release|Any CPU.Build.0 = Release|Any CPU
	EndGlobalSection
	GlobalSection(SolutionProperties) = preSolution
		HideSolutionNode = FALSE
	EndGlobalSection
EndGlobal
